
Microsoft Visual Studio Solution File, Format Version 12.00
# Visual Studio 15
VisualStudioVersion = 15.0.27703.2035
MinimumVisualStudioVersion = 10.0.40219.1
Project("{FAE04EC0-301F-11D3-BF4B-00C04F79EFBC}") = "Entidades", "Entidades\Entidades.csproj", "{46305289-8F68-46F0-BF7B-C315D2C30202}"
EndProject
Project("{FAE04EC0-301F-11D3-BF4B-00C04F79EFBC}") = "MainCorreo", "MainCorreo\MainCorreo.csproj", "{55E4B593-267A-4093-A364-D13B3A5DCD86}"
EndProject
Project("{FAE04EC0-301F-11D3-BF4B-00C04F79EFBC}") = "Testing", "Testing\Testing.csproj", "{83957620-87A3-42FF-B3BC-C621329A0AF6}"
EndProject
Global
	GlobalSection(SolutionConfigurationPlatforms) = preSolution
		Debug|Any CPU = Debug|Any CPU
		Debug|ARM = Debug|ARM
		Debug|x64 = Debug|x64
		Debug|x86 = Debug|x86
		Release|Any CPU = Release|Any CPU
		Release|ARM = Release|ARM
		Release|x64 = Release|x64
		Release|x86 = Release|x86
	EndGlobalSection
	GlobalSection(ProjectConfigurationPlatforms) = postSolution
		{46305289-8F68-46F0-BF7B-C315D2C30202}.Debug|Any CPU.ActiveCfg = Debug|Any CPU
		{46305289-8F68-46F0-BF7B-C315D2C30202}.Debug|Any CPU.Build.0 = Debug|Any CPU
		{46305289-8F68-46F0-BF7B-C315D2C30202}.Debug|ARM.ActiveCfg = Debug|Any CPU
		{46305289-8F68-46F0-BF7B-C315D2C30202}.Debug|ARM.Build.0 = Debug|Any CPU
		{46305289-8F68-46F0-BF7B-C315D2C30202}.Debug|x64.ActiveCfg = Debug|Any CPU
		{46305289-8F68-46F0-BF7B-C315D2C30202}.Debug|x64.Build.0 = Debug|Any CPU
		{46305289-8F68-46F0-BF7B-C315D2C30202}.Debug|x86.ActiveCfg = Debug|Any CPU
		{46305289-8F68-46F0-BF7B-C315D2C30202}.Debug|x86.Build.0 = Debug|Any CPU
		{46305289-8F68-46F0-BF7B-C315D2C30202}.Release|Any CPU.ActiveCfg = Release|Any CPU
		{46305289-8F68-46F0-BF7B-C315D2C30202}.Release|Any CPU.Build.0 = Release|Any CPU
		{46305289-8F68-46F0-BF7B-C315D2C30202}.Release|ARM.ActiveCfg = Release|Any CPU
		{46305289-8F68-46F0-BF7B-C315D2C30202}.Release|ARM.Build.0 = Release|Any CPU
		{46305289-8F68-46F0-BF7B-C315D2C30202}.Release|x64.ActiveCfg = Release|Any CPU
		{46305289-8F68-46F0-BF7B-C315D2C30202}.Release|x64.Build.0 = Release|Any CPU
		{46305289-8F68-46F0-BF7B-C315D2C30202}.Release|x86.ActiveCfg = Release|Any CPU
		{46305289-8F68-46F0-BF7B-C315D2C30202}.Release|x86.Build.0 = Release|Any CPU
		{55E4B593-267A-4093-A364-D13B3A5DCD86}.Debug|Any CPU.ActiveCfg = Debug|Any CPU
		{55E4B593-267A-4093-A364-D13B3A5DCD86}.Debug|Any CPU.Build.0 = Debug|Any CPU
		{55E4B593-267A-4093-A364-D13B3A5DCD86}.Debug|ARM.ActiveCfg = Debug|Any CPU
		{55E4B593-267A-4093-A364-D13B3A5DCD86}.Debug|ARM.Build.0 = Debug|Any CPU
		{55E4B593-267A-4093-A364-D13B3A5DCD86}.Debug|x64.ActiveCfg = Debug|Any CPU
		{55E4B593-267A-4093-A364-D13B3A5DCD86}.Debug|x64.Build.0 = Debug|Any CPU
		{55E4B593-267A-4093-A364-D13B3A5DCD86}.Debug|x86.ActiveCfg = Debug|Any CPU
		{55E4B593-267A-4093-A364-D13B3A5DCD86}.Debug|x86.Build.0 = Debug|Any CPU
		{55E4B593-267A-4093-A364-D13B3A5DCD86}.Release|Any CPU.ActiveCfg = Release|Any CPU
		{55E4B593-267A-4093-A364-D13B3A5DCD86}.Release|Any CPU.Build.0 = Release|Any CPU
		{55E4B593-267A-4093-A364-D13B3A5DCD86}.Release|ARM.ActiveCfg = Release|Any CPU
		{55E4B593-267A-4093-A364-D13B3A5DCD86}.Release|ARM.Build.0 = Release|Any CPU
		{55E4B593-267A-4093-A364-D13B3A5DCD86}.Release|x64.ActiveCfg = Release|Any CPU
		{55E4B593-267A-4093-A364-D13B3A5DCD86}.Release|x64.Build.0 = Release|Any CPU
		{55E4B593-267A-4093-A364-D13B3A5DCD86}.Release|x86.ActiveCfg = Release|Any CPU
		{55E4B593-267A-4093-A364-D13B3A5DCD86}.Release|x86.Build.0 = Release|Any CPU
		{83957620-87A3-42FF-B3BC-C621329A0AF6}.Debug|Any CPU.ActiveCfg = Debug|Any CPU
		{83957620-87A3-42FF-B3BC-C621329A0AF6}.Debug|Any CPU.Build.0 = Debug|Any CPU
		{83957620-87A3-42FF-B3BC-C621329A0AF6}.Debug|ARM.ActiveCfg = Debug|Any CPU
		{83957620-87A3-42FF-B3BC-C621329A0AF6}.Debug|ARM.Build.0 = Debug|Any CPU
		{83957620-87A3-42FF-B3BC-C621329A0AF6}.Debug|x64.ActiveCfg = Debug|Any CPU
		{83957620-87A3-42FF-B3BC-C621329A0AF6}.Debug|x64.Build.0 = Debug|Any CPU
		{83957620-87A3-42FF-B3BC-C621329A0AF6}.Debug|x86.ActiveCfg = Debug|Any CPU
		{83957620-87A3-42FF-B3BC-C621329A0AF6}.Debug|x86.Build.0 = Debug|Any CPU
		{83957620-87A3-42FF-B3BC-C621329A0AF6}.Release|Any CPU.ActiveCfg = Release|Any CPU
		{83957620-87A3-42FF-B3BC-C621329A0AF6}.Release|Any CPU.Build.0 = Release|Any CPU
		{83957620-87A3-42FF-B3BC-C621329A0AF6}.Release|ARM.ActiveCfg = Release|Any CPU
		{83957620-87A3-42FF-B3BC-C621329A0AF6}.Release|ARM.Build.0 = Release|Any CPU
		{83957620-87A3-42FF-B3BC-C621329A0AF6}.Release|x64.ActiveCfg = Release|Any CPU
		{83957620-87A3-42FF-B3BC-C621329A0AF6}.Release|x64.Build.0 = Release|Any CPU
		{83957620-87A3-42FF-B3BC-C621329A0AF6}.Release|x86.ActiveCfg = Release|Any CPU
		{83957620-87A3-42FF-B3BC-C621329A0AF6}.Release|x86.Build.0 = Release|Any CPU
	EndGlobalSection
	GlobalSection(SolutionProperties) = preSolution
		HideSolutionNode = FALSE
	EndGlobalSection
	GlobalSection(ExtensibilityGlobals) = postSolution
		SolutionGuid = {78C3EEA7-52A4-4995-92AA-A3F705E1A24A}
	EndGlobalSection
EndGlobal
