
Microsoft Visual Studio Solution File, Format Version 12.00
# Visual Studio 2012
Project("{FAE04EC0-301F-11D3-BF4B-00C04F79EFBC}") = "Entidades", "Entidades\Entidades.csproj", "{8E4F0827-159D-421F-9645-2162115E273D}"
EndProject
Project("{FAE04EC0-301F-11D3-BF4B-00C04F79EFBC}") = "Program", "Program\Program.csproj", "{2F29413F-DC2D-4234-81A4-08DE9C9370FF}"
EndProject
Global
	GlobalSection(SolutionConfigurationPlatforms) = preSolution
		Debug|Any CPU = Debug|Any CPU
		Release|Any CPU = Release|Any CPU
	EndGlobalSection
	GlobalSection(ProjectConfigurationPlatforms) = postSolution
		{8E4F0827-159D-421F-9645-2162115E273D}.Debug|Any CPU.ActiveCfg = Debug|Any CPU
		{8E4F0827-159D-421F-9645-2162115E273D}.Debug|Any CPU.Build.0 = Debug|Any CPU
		{8E4F0827-159D-421F-9645-2162115E273D}.Release|Any CPU.ActiveCfg = Release|Any CPU
		{8E4F0827-159D-421F-9645-2162115E273D}.Release|Any CPU.Build.0 = Release|Any CPU
		{2F29413F-DC2D-4234-81A4-08DE9C9370FF}.Debug|Any CPU.ActiveCfg = Debug|Any CPU
		{2F29413F-DC2D-4234-81A4-08DE9C9370FF}.Debug|Any CPU.Build.0 = Debug|Any CPU
		{2F29413F-DC2D-4234-81A4-08DE9C9370FF}.Release|Any CPU.ActiveCfg = Release|Any CPU
		{2F29413F-DC2D-4234-81A4-08DE9C9370FF}.Release|Any CPU.Build.0 = Release|Any CPU
	EndGlobalSection
	GlobalSection(SolutionProperties) = preSolution
		HideSolutionNode = FALSE
	EndGlobalSection
EndGlobal
